// !$*UTF8*$!
{
	archiveVersion = 1;
	classes = {
	};
	objectVersion = 56;
	objects = {

/* Begin PBXBuildFile section */
		DD9B1AE22BF342C1002F38DE /* LedScrollerApp.swift in Sources */ = {isa = PBXBuildFile; fileRef = DD9B1AE12BF342C1002F38DE /* LedScrollerApp.swift */; };
		DD9B1AE42BF342C1002F38DE /* ContentView.swift in Sources */ = {isa = PBXBuildFile; fileRef = DD9B1AE32BF342C1002F38DE /* ContentView.swift */; };
		DD9B1AE82BF342C2002F38DE /* Assets.xcassets in Resources */ = {isa = PBXBuildFile; fileRef = DD9B1AE72BF342C2002F38DE /* Assets.xcassets */; };
		DD9B1AEB2BF342C2002F38DE /* Preview Assets.xcassets in Resources */ = {isa = PBXBuildFile; fileRef = DD9B1AEA2BF342C2002F38DE /* Preview Assets.xcassets */; };
		DD9B1AF22BF349C4002F38DE /* SmallLED.swift in Sources */ = {isa = PBXBuildFile; fileRef = DD9B1AF12BF349C4002F38DE /* SmallLED.swift */; };
		DD9B1AF42BF34B14002F38DE /* SelectionString.swift in Sources */ = {isa = PBXBuildFile; fileRef = DD9B1AF32BF34B14002F38DE /* SelectionString.swift */; };
		DD9B1AF62BF34E6F002F38DE /* SettingView.swift in Sources */ = {isa = PBXBuildFile; fileRef = DD9B1AF52BF34E6F002F38DE /* SettingView.swift */; };
		DD9B1AF82BF351D7002F38DE /* SelectionCGFloat.swift in Sources */ = {isa = PBXBuildFile; fileRef = DD9B1AF72BF351D7002F38DE /* SelectionCGFloat.swift */; };
		DD9B1AFA2BF35285002F38DE /* HomeView.swift in Sources */ = {isa = PBXBuildFile; fileRef = DD9B1AF92BF35285002F38DE /* HomeView.swift */; };
		DDBACBBF2BF459BC007D0606 /* SelectionColor.swift in Sources */ = {isa = PBXBuildFile; fileRef = DDBACBBE2BF459BC007D0606 /* SelectionColor.swift */; };
		DDBACBC32BF459DC007D0606 /* DataModel.swift in Sources */ = {isa = PBXBuildFile; fileRef = DDBACBC22BF459DC007D0606 /* DataModel.swift */; };
/* End PBXBuildFile section */

/* Begin PBXFileReference section */
		DD9B1ADE2BF342C1002F38DE /* LedScroller.app */ = {isa = PBXFileReference; explicitFileType = wrapper.application; includeInIndex = 0; path = LedScroller.app; sourceTree = BUILT_PRODUCTS_DIR; };
		DD9B1AE12BF342C1002F38DE /* LedScrollerApp.swift */ = {isa = PBXFileReference; lastKnownFileType = sourcecode.swift; path = LedScrollerApp.swift; sourceTree = "<group>"; };
		DD9B1AE32BF342C1002F38DE /* ContentView.swift */ = {isa = PBXFileReference; lastKnownFileType = sourcecode.swift; path = ContentView.swift; sourceTree = "<group>"; };
		DD9B1AE72BF342C2002F38DE /* Assets.xcassets */ = {isa = PBXFileReference; lastKnownFileType = folder.assetcatalog; path = Assets.xcassets; sourceTree = "<group>"; };
		DD9B1AEA2BF342C2002F38DE /* Preview Assets.xcassets */ = {isa = PBXFileReference; lastKnownFileType = folder.assetcatalog; path = "Preview Assets.xcassets"; sourceTree = "<group>"; };
		DD9B1AF12BF349C4002F38DE /* SmallLED.swift */ = {isa = PBXFileReference; lastKnownFileType = sourcecode.swift; path = SmallLED.swift; sourceTree = "<group>"; };
		DD9B1AF32BF34B14002F38DE /* SelectionString.swift */ = {isa = PBXFileReference; lastKnownFileType = sourcecode.swift; path = SelectionString.swift; sourceTree = "<group>"; };
		DD9B1AF52BF34E6F002F38DE /* SettingView.swift */ = {isa = PBXFileReference; lastKnownFileType = sourcecode.swift; path = SettingView.swift; sourceTree = "<group>"; };
		DD9B1AF72BF351D7002F38DE /* SelectionCGFloat.swift */ = {isa = PBXFileReference; lastKnownFileType = sourcecode.swift; path = SelectionCGFloat.swift; sourceTree = "<group>"; };
		DD9B1AF92BF35285002F38DE /* HomeView.swift */ = {isa = PBXFileReference; lastKnownFileType = sourcecode.swift; path = HomeView.swift; sourceTree = "<group>"; };
		DDBACBBE2BF459BC007D0606 /* SelectionColor.swift */ = {isa = PBXFileReference; lastKnownFileType = sourcecode.swift; path = SelectionColor.swift; sourceTree = "<group>"; };
		DDBACBC22BF459DC007D0606 /* DataModel.swift */ = {isa = PBXFileReference; lastKnownFileType = sourcecode.swift; path = DataModel.swift; sourceTree = "<group>"; };
/* End PBXFileReference section */

/* Begin PBXFrameworksBuildPhase section */
		DD9B1ADB2BF342C1002F38DE /* Frameworks */ = {
			isa = PBXFrameworksBuildPhase;
			buildActionMask = 2147483647;
			files = (
			);
			runOnlyForDeploymentPostprocessing = 0;
		};
/* End PBXFrameworksBuildPhase section */

/* Begin PBXGroup section */
		DD9B1AD52BF342C1002F38DE = {
			isa = PBXGroup;
			children = (
				DD9B1AE02BF342C1002F38DE /* LedScroller */,
				DD9B1ADF2BF342C1002F38DE /* Products */,
			);
			sourceTree = "<group>";
		};
		DD9B1ADF2BF342C1002F38DE /* Products */ = {
			isa = PBXGroup;
			children = (
				DD9B1ADE2BF342C1002F38DE /* LedScroller.app */,
			);
			name = Products;
			sourceTree = "<group>";
		};
		DD9B1AE02BF342C1002F38DE /* LedScroller */ = {
			isa = PBXGroup;
			children = (
				DDBACBC12BF459C8007D0606 /* Models */,
				DDBACBC02BF459C4007D0606 /* Views */,
				DD9B1AE12BF342C1002F38DE /* LedScrollerApp.swift */,
				DD9B1AE32BF342C1002F38DE /* ContentView.swift */,
				DD9B1AF92BF35285002F38DE /* HomeView.swift */,
				DD9B1AE72BF342C2002F38DE /* Assets.xcassets */,
				DD9B1AE92BF342C2002F38DE /* Preview Content */,
			);
			path = LedScroller;
			sourceTree = "<group>";
		};
		DD9B1AE92BF342C2002F38DE /* Preview Content */ = {
			isa = PBXGroup;
			children = (
				DD9B1AEA2BF342C2002F38DE /* Preview Assets.xcassets */,
			);
			path = "Preview Content";
			sourceTree = "<group>";
		};
		DDBACBC02BF459C4007D0606 /* Views */ = {
			isa = PBXGroup;
			children = (
				DD9B1AF52BF34E6F002F38DE /* SettingView.swift */,
				DD9B1AF12BF349C4002F38DE /* SmallLED.swift */,
				DDBACBBE2BF459BC007D0606 /* SelectionColor.swift */,
				DD9B1AF72BF351D7002F38DE /* SelectionCGFloat.swift */,
				DD9B1AF32BF34B14002F38DE /* SelectionString.swift */,
			);
			path = Views;
			sourceTree = "<group>";
		};
		DDBACBC12BF459C8007D0606 /* Models */ = {
			isa = PBXGroup;
			children = (
				DDBACBC22BF459DC007D0606 /* DataModel.swift */,
			);
			path = Models;
			sourceTree = "<group>";
		};
/* End PBXGroup section */

/* Begin PBXNativeTarget section */
		DD9B1ADD2BF342C1002F38DE /* LedScroller */ = {
			isa = PBXNativeTarget;
			buildConfigurationList = DD9B1AEE2BF342C2002F38DE /* Build configuration list for PBXNativeTarget "LedScroller" */;
			buildPhases = (
				DD9B1ADA2BF342C1002F38DE /* Sources */,
				DD9B1ADB2BF342C1002F38DE /* Frameworks */,
				DD9B1ADC2BF342C1002F38DE /* Resources */,
			);
			buildRules = (
			);
			dependencies = (
			);
			name = LedScroller;
			productName = LedScroller;
			productReference = DD9B1ADE2BF342C1002F38DE /* LedScroller.app */;
			productType = "com.apple.product-type.application";
		};
/* End PBXNativeTarget section */

/* Begin PBXProject section */
		DD9B1AD62BF342C1002F38DE /* Project object */ = {
			isa = PBXProject;
			attributes = {
				BuildIndependentTargetsInParallel = 1;
				LastSwiftUpdateCheck = 1500;
				LastUpgradeCheck = 1500;
				TargetAttributes = {
					DD9B1ADD2BF342C1002F38DE = {
						CreatedOnToolsVersion = 15.0.1;
					};
				};
			};
			buildConfigurationList = DD9B1AD92BF342C1002F38DE /* Build configuration list for PBXProject "LedScroller" */;
			compatibilityVersion = "Xcode 14.0";
			developmentRegion = en;
			hasScannedForEncodings = 0;
			knownRegions = (
				en,
				Base,
			);
			mainGroup = DD9B1AD52BF342C1002F38DE;
			productRefGroup = DD9B1ADF2BF342C1002F38DE /* Products */;
			projectDirPath = "";
			projectRoot = "";
			targets = (
				DD9B1ADD2BF342C1002F38DE /* LedScroller */,
			);
		};
/* End PBXProject section */

/* Begin PBXResourcesBuildPhase section */
		DD9B1ADC2BF342C1002F38DE /* Resources */ = {
			isa = PBXResourcesBuildPhase;
			buildActionMask = 2147483647;
			files = (
				DD9B1AEB2BF342C2002F38DE /* Preview Assets.xcassets in Resources */,
				DD9B1AE82BF342C2002F38DE /* Assets.xcassets in Resources */,
			);
			runOnlyForDeploymentPostprocessing = 0;
		};
/* End PBXResourcesBuildPhase section */

/* Begin PBXSourcesBuildPhase section */
		DD9B1ADA2BF342C1002F38DE /* Sources */ = {
			isa = PBXSourcesBuildPhase;
			buildActionMask = 2147483647;
			files = (
				DD9B1AE42BF342C1002F38DE /* ContentView.swift in Sources */,
				DD9B1AFA2BF35285002F38DE /* HomeView.swift in Sources */,
				DD9B1AF62BF34E6F002F38DE /* SettingView.swift in Sources */,
				DD9B1AF42BF34B14002F38DE /* SelectionString.swift in Sources */,
				DDBACBBF2BF459BC007D0606 /* SelectionColor.swift in Sources */,
				DD9B1AF82BF351D7002F38DE /* SelectionCGFloat.swift in Sources */,
				DD9B1AF22BF349C4002F38DE /* SmallLED.swift in Sources */,
				DD9B1AE22BF342C1002F38DE /* LedScrollerApp.swift in Sources */,
				DDBACBC32BF459DC007D0606 /* DataModel.swift in Sources */,
			);
			runOnlyForDeploymentPostprocessing = 0;
		};
/* End PBXSourcesBuildPhase section */

/* Begin XCBuildConfiguration section */
		DD9B1AEC2BF342C2002F38DE /* Debug */ = {
			isa = XCBuildConfiguration;
			buildSettings = {
				ALWAYS_SEARCH_USER_PATHS = NO;
				ASSETCATALOG_COMPILER_GENERATE_SWIFT_ASSET_SYMBOL_EXTENSIONS = YES;
				CLANG_ANALYZER_NONNULL = YES;
				CLANG_ANALYZER_NUMBER_OBJECT_CONVERSION = YES_AGGRESSIVE;
				CLANG_CXX_LANGUAGE_STANDARD = "gnu++20";
				CLANG_ENABLE_MODULES = YES;
				CLANG_ENABLE_OBJC_ARC = YES;
				CLANG_ENABLE_OBJC_WEAK = YES;
				CLANG_WARN_BLOCK_CAPTURE_AUTORELEASING = YES;
				CLANG_WARN_BOOL_CONVERSION = YES;
				CLANG_WARN_COMMA = YES;
				CLANG_WARN_CONSTANT_CONVERSION = YES;
				CLANG_WARN_DEPRECATED_OBJC_IMPLEMENTATIONS = YES;
				CLANG_WARN_DIRECT_OBJC_ISA_USAGE = YES_ERROR;
				CLANG_WARN_DOCUMENTATION_COMMENTS = YES;
				CLANG_WARN_EMPTY_BODY = YES;
				CLANG_WARN_ENUM_CONVERSION = YES;
				CLANG_WARN_INFINITE_RECURSION = YES;
				CLANG_WARN_INT_CONVERSION = YES;
				CLANG_WARN_NON_LITERAL_NULL_CONVERSION = YES;
				CLANG_WARN_OBJC_IMPLICIT_RETAIN_SELF = YES;
				CLANG_WARN_OBJC_LITERAL_CONVERSION = YES;
				CLANG_WARN_OBJC_ROOT_CLASS = YES_ERROR;
				CLANG_WARN_QUOTED_INCLUDE_IN_FRAMEWORK_HEADER = YES;
				CLANG_WARN_RANGE_LOOP_ANALYSIS = YES;
				CLANG_WARN_STRICT_PROTOTYPES = YES;
				CLANG_WARN_SUSPICIOUS_MOVE = YES;
				CLANG_WARN_UNGUARDED_AVAILABILITY = YES_AGGRESSIVE;
				CLANG_WARN_UNREACHABLE_CODE = YES;
				CLANG_WARN__DUPLICATE_METHOD_MATCH = YES;
				COPY_PHASE_STRIP = NO;
				DEBUG_INFORMATION_FORMAT = dwarf;
				ENABLE_STRICT_OBJC_MSGSEND = YES;
				ENABLE_TESTABILITY = YES;
				ENABLE_USER_SCRIPT_SANDBOXING = YES;
				GCC_C_LANGUAGE_STANDARD = gnu17;
				GCC_DYNAMIC_NO_PIC = NO;
				GCC_NO_COMMON_BLOCKS = YES;
				GCC_OPTIMIZATION_LEVEL = 0;
				GCC_PREPROCESSOR_DEFINITIONS = (
					"DEBUG=1",
					"$(inherited)",
				);
				GCC_WARN_64_TO_32_BIT_CONVERSION = YES;
				GCC_WARN_ABOUT_RETURN_TYPE = YES_ERROR;
				GCC_WARN_UNDECLARED_SELECTOR = YES;
				GCC_WARN_UNINITIALIZED_AUTOS = YES_AGGRESSIVE;
				GCC_WARN_UNUSED_FUNCTION = YES;
				GCC_WARN_UNUSED_VARIABLE = YES;
				IPHONEOS_DEPLOYMENT_TARGET = 17.0;
				LOCALIZATION_PREFERS_STRING_CATALOGS = YES;
				MTL_ENABLE_DEBUG_INFO = INCLUDE_SOURCE;
				MTL_FAST_MATH = YES;
				ONLY_ACTIVE_ARCH = YES;
				SDKROOT = iphoneos;
				SWIFT_ACTIVE_COMPILATION_CONDITIONS = "DEBUG $(inherited)";
				SWIFT_OPTIMIZATION_LEVEL = "-Onone";
			};
			name = Debug;
		};
		DD9B1AED2BF342C2002F38DE /* Release */ = {
			isa = XCBuildConfiguration;
			buildSettings = {
				ALWAYS_SEARCH_USER_PATHS = NO;
				ASSETCATALOG_COMPILER_GENERATE_SWIFT_ASSET_SYMBOL_EXTENSIONS = YES;
				CLANG_ANALYZER_NONNULL = YES;
				CLANG_ANALYZER_NUMBER_OBJECT_CONVERSION = YES_AGGRESSIVE;
				CLANG_CXX_LANGUAGE_STANDARD = "gnu++20";
				CLANG_ENABLE_MODULES = YES;
				CLANG_ENABLE_OBJC_ARC = YES;
				CLANG_ENABLE_OBJC_WEAK = YES;
				CLANG_WARN_BLOCK_CAPTURE_AUTORELEASING = YES;
				CLANG_WARN_BOOL_CONVERSION = YES;
				CLANG_WARN_COMMA = YES;
				CLANG_WARN_CONSTANT_CONVERSION = YES;
				CLANG_WARN_DEPRECATED_OBJC_IMPLEMENTATIONS = YES;
				CLANG_WARN_DIRECT_OBJC_ISA_USAGE = YES_ERROR;
				CLANG_WARN_DOCUMENTATION_COMMENTS = YES;
				CLANG_WARN_EMPTY_BODY = YES;
				CLANG_WARN_ENUM_CONVERSION = YES;
				CLANG_WARN_INFINITE_RECURSION = YES;
				CLANG_WARN_INT_CONVERSION = YES;
				CLANG_WARN_NON_LITERAL_NULL_CONVERSION = YES;
				CLANG_WARN_OBJC_IMPLICIT_RETAIN_SELF = YES;
				CLANG_WARN_OBJC_LITERAL_CONVERSION = YES;
				CLANG_WARN_OBJC_ROOT_CLASS = YES_ERROR;
				CLANG_WARN_QUOTED_INCLUDE_IN_FRAMEWORK_HEADER = YES;
				CLANG_WARN_RANGE_LOOP_ANALYSIS = YES;
				CLANG_WARN_STRICT_PROTOTYPES = YES;
				CLANG_WARN_SUSPICIOUS_MOVE = YES;
				CLANG_WARN_UNGUARDED_AVAILABILITY = YES_AGGRESSIVE;
				CLANG_WARN_UNREACHABLE_CODE = YES;
				CLANG_WARN__DUPLICATE_METHOD_MATCH = YES;
				COPY_PHASE_STRIP = NO;
				DEBUG_INFORMATION_FORMAT = "dwarf-with-dsym";
				ENABLE_NS_ASSERTIONS = NO;
				ENABLE_STRICT_OBJC_MSGSEND = YES;
				ENABLE_USER_SCRIPT_SANDBOXING = YES;
				GCC_C_LANGUAGE_STANDARD = gnu17;
				GCC_NO_COMMON_BLOCKS = YES;
				GCC_WARN_64_TO_32_BIT_CONVERSION = YES;
				GCC_WARN_ABOUT_RETURN_TYPE = YES_ERROR;
				GCC_WARN_UNDECLARED_SELECTOR = YES;
				GCC_WARN_UNINITIALIZED_AUTOS = YES_AGGRESSIVE;
				GCC_WARN_UNUSED_FUNCTION = YES;
				GCC_WARN_UNUSED_VARIABLE = YES;
				IPHONEOS_DEPLOYMENT_TARGET = 17.0;
				LOCALIZATION_PREFERS_STRING_CATALOGS = YES;
				MTL_ENABLE_DEBUG_INFO = NO;
				MTL_FAST_MATH = YES;
				SDKROOT = iphoneos;
				SWIFT_COMPILATION_MODE = wholemodule;
				VALIDATE_PRODUCT = YES;
			};
			name = Release;
		};
		DD9B1AEF2BF342C2002F38DE /* Debug */ = {
			isa = XCBuildConfiguration;
			buildSettings = {
				ASSETCATALOG_COMPILER_APPICON_NAME = AppIcon;
				ASSETCATALOG_COMPILER_GLOBAL_ACCENT_COLOR_NAME = AccentColor;
				CODE_SIGN_STYLE = Automatic;
				CURRENT_PROJECT_VERSION = 1;
				DEVELOPMENT_ASSET_PATHS = "\"LedScroller/Preview Content\"";
				DEVELOPMENT_TEAM = 4BB9BFSL47;
				ENABLE_PREVIEWS = YES;
				GENERATE_INFOPLIST_FILE = YES;
				INFOPLIST_KEY_UIApplicationSceneManifest_Generation = YES;
				INFOPLIST_KEY_UIApplicationSupportsIndirectInputEvents = YES;
				INFOPLIST_KEY_UILaunchScreen_Generation = YES;
				INFOPLIST_KEY_UISupportedInterfaceOrientations = UIInterfaceOrientationPortrait;
				LD_RUNPATH_SEARCH_PATHS = (
					"$(inherited)",
					"@executable_path/Frameworks",
				);
				MARKETING_VERSION = 1.0;
				PRODUCT_BUNDLE_IDENTIFIER = com.iamblue.LedScroller;
				PRODUCT_NAME = "$(TARGET_NAME)";
				SWIFT_EMIT_LOC_STRINGS = YES;
				SWIFT_VERSION = 5.0;
				TARGETED_DEVICE_FAMILY = "1,2";
			};
			name = Debug;
		};
		DD9B1AF02BF342C2002F38DE /* Release */ = {
			isa = XCBuildConfiguration;
			buildSettings = {
				ASSETCATALOG_COMPILER_APPICON_NAME = AppIcon;
				ASSETCATALOG_COMPILER_GLOBAL_ACCENT_COLOR_NAME = AccentColor;
				CODE_SIGN_STYLE = Automatic;
				CURRENT_PROJECT_VERSION = 1;
				DEVELOPMENT_ASSET_PATHS = "\"LedScroller/Preview Content\"";
				DEVELOPMENT_TEAM = 4BB9BFSL47;
				ENABLE_PREVIEWS = YES;
				GENERATE_INFOPLIST_FILE = YES;
				INFOPLIST_KEY_UIApplicationSceneManifest_Generation = YES;
				INFOPLIST_KEY_UIApplicationSupportsIndirectInputEvents = YES;
				INFOPLIST_KEY_UILaunchScreen_Generation = YES;
				INFOPLIST_KEY_UISupportedInterfaceOrientations = UIInterfaceOrientationPortrait;
				LD_RUNPATH_SEARCH_PATHS = (
					"$(inherited)",
					"@executable_path/Frameworks",
				);
				MARKETING_VERSION = 1.0;
				PRODUCT_BUNDLE_IDENTIFIER = com.iamblue.LedScroller;
				PRODUCT_NAME = "$(TARGET_NAME)";
				SWIFT_EMIT_LOC_STRINGS = YES;
				SWIFT_VERSION = 5.0;
				TARGETED_DEVICE_FAMILY = "1,2";
			};
			name = Release;
		};
/* End XCBuildConfiguration section */

/* Begin XCConfigurationList section */
		DD9B1AD92BF342C1002F38DE /* Build configuration list for PBXProject "LedScroller" */ = {
			isa = XCConfigurationList;
			buildConfigurations = (
				DD9B1AEC2BF342C2002F38DE /* Debug */,
				DD9B1AED2BF342C2002F38DE /* Release */,
			);
			defaultConfigurationIsVisible = 0;
			defaultConfigurationName = Release;
		};
		DD9B1AEE2BF342C2002F38DE /* Build configuration list for PBXNativeTarget "LedScroller" */ = {
			isa = XCConfigurationList;
			buildConfigurations = (
				DD9B1AEF2BF342C2002F38DE /* Debug */,
				DD9B1AF02BF342C2002F38DE /* Release */,
			);
			defaultConfigurationIsVisible = 0;
			defaultConfigurationName = Release;
		};
/* End XCConfigurationList section */
	};
	rootObject = DD9B1AD62BF342C1002F38DE /* Project object */;
}
